
Microsoft Visual Studio Solution File, Format Version 12.00
# Visual Studio Version 17
VisualStudioVersion = 17.11.35431.28
MinimumVisualStudioVersion = 10.0.40219.1
Project("{8BC9CEB8-8B4A-11D0-8D11-00A0C91BC942}") = "task1", "task1.vcxproj", "{8B324009-513D-4291-A8B6-5D08F961D7C9}"
EndProject
Global
	GlobalSection(SolutionConfigurationPlatforms) = preSolution
		Debug|x64 = Debug|x64
		Debug|x86 = Debug|x86
		Release|x64 = Release|x64
		Release|x86 = Release|x86
	EndGlobalSection
	GlobalSection(ProjectConfigurationPlatforms) = postSolution
		{8B324009-513D-4291-A8B6-5D08F961D7C9}.Debug|x64.ActiveCfg = Debug|x64
		{8B324009-513D-4291-A8B6-5D08F961D7C9}.Debug|x64.Build.0 = Debug|x64
		{8B324009-513D-4291-A8B6-5D08F961D7C9}.Debug|x86.ActiveCfg = Debug|Win32
		{8B324009-513D-4291-A8B6-5D08F961D7C9}.Debug|x86.Build.0 = Debug|Win32
		{8B324009-513D-4291-A8B6-5D08F961D7C9}.Release|x64.ActiveCfg = Release|x64
		{8B324009-513D-4291-A8B6-5D08F961D7C9}.Release|x64.Build.0 = Release|x64
		{8B324009-513D-4291-A8B6-5D08F961D7C9}.Release|x86.ActiveCfg = Release|Win32
		{8B324009-513D-4291-A8B6-5D08F961D7C9}.Release|x86.Build.0 = Release|Win32
	EndGlobalSection
	GlobalSection(SolutionProperties) = preSolution
		HideSolutionNode = FALSE
	EndGlobalSection
	GlobalSection(ExtensibilityGlobals) = postSolution
		SolutionGuid = {EE185DE5-4D9F-42B4-AE22-82F4BF94B03D}
	EndGlobalSection
EndGlobal
