
Microsoft Visual Studio Solution File, Format Version 12.00
# Visual Studio Version 17
VisualStudioVersion = 17.11.35327.3
MinimumVisualStudioVersion = 10.0.40219.1
Project("{8BC9CEB8-8B4A-11D0-8D11-00A0C91BC942}") = "task 2", "task 2.vcxproj", "{B780BB54-F337-425E-8EC1-654F6A4DBC93}"
EndProject
Global
	GlobalSection(SolutionConfigurationPlatforms) = preSolution
		Debug|x64 = Debug|x64
		Debug|x86 = Debug|x86
		Release|x64 = Release|x64
		Release|x86 = Release|x86
	EndGlobalSection
	GlobalSection(ProjectConfigurationPlatforms) = postSolution
		{B780BB54-F337-425E-8EC1-654F6A4DBC93}.Debug|x64.ActiveCfg = Debug|x64
		{B780BB54-F337-425E-8EC1-654F6A4DBC93}.Debug|x64.Build.0 = Debug|x64
		{B780BB54-F337-425E-8EC1-654F6A4DBC93}.Debug|x86.ActiveCfg = Debug|Win32
		{B780BB54-F337-425E-8EC1-654F6A4DBC93}.Debug|x86.Build.0 = Debug|Win32
		{B780BB54-F337-425E-8EC1-654F6A4DBC93}.Release|x64.ActiveCfg = Release|x64
		{B780BB54-F337-425E-8EC1-654F6A4DBC93}.Release|x64.Build.0 = Release|x64
		{B780BB54-F337-425E-8EC1-654F6A4DBC93}.Release|x86.ActiveCfg = Release|Win32
		{B780BB54-F337-425E-8EC1-654F6A4DBC93}.Release|x86.Build.0 = Release|Win32
	EndGlobalSection
	GlobalSection(SolutionProperties) = preSolution
		HideSolutionNode = FALSE
	EndGlobalSection
	GlobalSection(ExtensibilityGlobals) = postSolution
		SolutionGuid = {30D65203-86D3-4EB9-991F-6D41410D3ECC}
	EndGlobalSection
EndGlobal
